// !$*UTF8*$!
{
	archiveVersion = 1;
	classes = {
	};
	objectVersion = 46;
	objects = {

/* Begin PBXBuildFile section */
		5E059CBF17ED6917006B0ECA /* images.jpg in Resources */ = {isa = PBXBuildFile; fileRef = 5E059CBE17ED6917006B0ECA /* images.jpg */; };
		5E059CC117ED6DB9006B0ECA /* images1.jpg in Resources */ = {isa = PBXBuildFile; fileRef = 5E059CC017ED6DB9006B0ECA /* images1.jpg */; };
		5EC33F8817ED557000858078 /* UIKit.framework in Frameworks */ = {isa = PBXBuildFile; fileRef = 5EC33F8717ED557000858078 /* UIKit.framework */; };
		5EC33F8A17ED557000858078 /* Foundation.framework in Frameworks */ = {isa = PBXBuildFile; fileRef = 5EC33F8917ED557000858078 /* Foundation.framework */; };
		5EC33F8C17ED557000858078 /* CoreGraphics.framework in Frameworks */ = {isa = PBXBuildFile; fileRef = 5EC33F8B17ED557000858078 /* CoreGraphics.framework */; };
		5EC33F9217ED557000858078 /* InfoPlist.strings in Resources */ = {isa = PBXBuildFile; fileRef = 5EC33F9017ED557000858078 /* InfoPlist.strings */; };
		5EC33F9417ED557000858078 /* main.m in Sources */ = {isa = PBXBuildFile; fileRef = 5EC33F9317ED557000858078 /* main.m */; };
		5EC33F9817ED557000858078 /* AppDelegate.m in Sources */ = {isa = PBXBuildFile; fileRef = 5EC33F9717ED557000858078 /* AppDelegate.m */; };
		5EC33F9A17ED557000858078 /* Default.png in Resources */ = {isa = PBXBuildFile; fileRef = 5EC33F9917ED557000858078 /* Default.png */; };
		5EC33F9C17ED557000858078 /* Default@2x.png in Resources */ = {isa = PBXBuildFile; fileRef = 5EC33F9B17ED557000858078 /* Default@2x.png */; };
		5EC33F9E17ED557000858078 /* Default-568h@2x.png in Resources */ = {isa = PBXBuildFile; fileRef = 5EC33F9D17ED557000858078 /* Default-568h@2x.png */; };
		5EC33FA117ED557000858078 /* ViewController.m in Sources */ = {isa = PBXBuildFile; fileRef = 5EC33FA017ED557000858078 /* ViewController.m */; };
		5EC33FA417ED557000858078 /* ViewController.xib in Resources */ = {isa = PBXBuildFile; fileRef = 5EC33FA217ED557000858078 /* ViewController.xib */; };
		5EC33FAD17ED585200858078 /* HomeScreen.m in Sources */ = {isa = PBXBuildFile; fileRef = 5EC33FAB17ED585200858078 /* HomeScreen.m */; };
		5EC33FAE17ED585200858078 /* HomeScreen.xib in Resources */ = {isa = PBXBuildFile; fileRef = 5EC33FAC17ED585200858078 /* HomeScreen.xib */; };
/* End PBXBuildFile section */

/* Begin PBXFileReference section */
		5E059CBE17ED6917006B0ECA /* images.jpg */ = {isa = PBXFileReference; lastKnownFileType = image.jpeg; path = images.jpg; sourceTree = SOURCE_ROOT; };
		5E059CC017ED6DB9006B0ECA /* images1.jpg */ = {isa = PBXFileReference; lastKnownFileType = image.jpeg; name = images1.jpg; path = ../../Pictures/images1.jpg; sourceTree = "<group>"; };
		5EC33F8417ED557000858078 /* Login.app */ = {isa = PBXFileReference; explicitFileType = wrapper.application; includeInIndex = 0; path = Login.app; sourceTree = BUILT_PRODUCTS_DIR; };
		5EC33F8717ED557000858078 /* UIKit.framework */ = {isa = PBXFileReference; lastKnownFileType = wrapper.framework; name = UIKit.framework; path = System/Library/Frameworks/UIKit.framework; sourceTree = SDKROOT; };
		5EC33F8917ED557000858078 /* Foundation.framework */ = {isa = PBXFileReference; lastKnownFileType = wrapper.framework; name = Foundation.framework; path = System/Library/Frameworks/Foundation.framework; sourceTree = SDKROOT; };
		5EC33F8B17ED557000858078 /* CoreGraphics.framework */ = {isa = PBXFileReference; lastKnownFileType = wrapper.framework; name = CoreGraphics.framework; path = System/Library/Frameworks/CoreGraphics.framework; sourceTree = SDKROOT; };
		5EC33F8F17ED557000858078 /* Login-Info.plist */ = {isa = PBXFileReference; lastKnownFileType = text.plist.xml; path = "Login-Info.plist"; sourceTree = "<group>"; };
		5EC33F9117ED557000858078 /* en */ = {isa = PBXFileReference; lastKnownFileType = text.plist.strings; name = en; path = en.lproj/InfoPlist.strings; sourceTree = "<group>"; };
		5EC33F9317ED557000858078 /* main.m */ = {isa = PBXFileReference; lastKnownFileType = sourcecode.c.objc; path = main.m; sourceTree = "<group>"; };
		5EC33F9517ED557000858078 /* Login-Prefix.pch */ = {isa = PBXFileReference; lastKnownFileType = sourcecode.c.h; path = "Login-Prefix.pch"; sourceTree = "<group>"; };
		5EC33F9617ED557000858078 /* AppDelegate.h */ = {isa = PBXFileReference; lastKnownFileType = sourcecode.c.h; path = AppDelegate.h; sourceTree = "<group>"; };
		5EC33F9717ED557000858078 /* AppDelegate.m */ = {isa = PBXFileReference; lastKnownFileType = sourcecode.c.objc; path = AppDelegate.m; sourceTree = "<group>"; };
		5EC33F9917ED557000858078 /* Default.png */ = {isa = PBXFileReference; lastKnownFileType = image.png; path = Default.png; sourceTree = "<group>"; };
		5EC33F9B17ED557000858078 /* Default@2x.png */ = {isa = PBXFileReference; lastKnownFileType = image.png; path = "Default@2x.png"; sourceTree = "<group>"; };
		5EC33F9D17ED557000858078 /* Default-568h@2x.png */ = {isa = PBXFileReference; lastKnownFileType = image.png; path = "Default-568h@2x.png"; sourceTree = "<group>"; };
		5EC33F9F17ED557000858078 /* ViewController.h */ = {isa = PBXFileReference; lastKnownFileType = sourcecode.c.h; path = ViewController.h; sourceTree = "<group>"; };
		5EC33FA017ED557000858078 /* ViewController.m */ = {isa = PBXFileReference; lastKnownFileType = sourcecode.c.objc; path = ViewController.m; sourceTree = "<group>"; };
		5EC33FA317ED557000858078 /* en */ = {isa = PBXFileReference; lastKnownFileType = file.xib; name = en; path = en.lproj/ViewController.xib; sourceTree = "<group>"; };
		5EC33FAA17ED585200858078 /* HomeScreen.h */ = {isa = PBXFileReference; fileEncoding = 4; lastKnownFileType = sourcecode.c.h; path = HomeScreen.h; sourceTree = "<group>"; };
		5EC33FAB17ED585200858078 /* HomeScreen.m */ = {isa = PBXFileReference; fileEncoding = 4; lastKnownFileType = sourcecode.c.objc; path = HomeScreen.m; sourceTree = "<group>"; };
		5EC33FAC17ED585200858078 /* HomeScreen.xib */ = {isa = PBXFileReference; fileEncoding = 4; lastKnownFileType = file.xib; path = HomeScreen.xib; sourceTree = "<group>"; };
/* End PBXFileReference section */

/* Begin PBXFrameworksBuildPhase section */
		5EC33F8117ED557000858078 /* Frameworks */ = {
			isa = PBXFrameworksBuildPhase;
			buildActionMask = 2147483647;
			files = (
				5EC33F8817ED557000858078 /* UIKit.framework in Frameworks */,
				5EC33F8A17ED557000858078 /* Foundation.framework in Frameworks */,
				5EC33F8C17ED557000858078 /* CoreGraphics.framework in Frameworks */,
			);
			runOnlyForDeploymentPostprocessing = 0;
		};
/* End PBXFrameworksBuildPhase section */

/* Begin PBXGroup section */
		5EC33F7B17ED556F00858078 = {
			isa = PBXGroup;
			children = (
				5EC33FAA17ED585200858078 /* HomeScreen.h */,
				5EC33FAB17ED585200858078 /* HomeScreen.m */,
				5E059CC017ED6DB9006B0ECA /* images1.jpg */,
				5EC33FAC17ED585200858078 /* HomeScreen.xib */,
				5EC33F8D17ED557000858078 /* Login */,
				5EC33F8617ED557000858078 /* Frameworks */,
				5EC33F8517ED557000858078 /* Products */,
			);
			sourceTree = "<group>";
		};
		5EC33F8517ED557000858078 /* Products */ = {
			isa = PBXGroup;
			children = (
				5EC33F8417ED557000858078 /* Login.app */,
			);
			name = Products;
			sourceTree = "<group>";
		};
		5EC33F8617ED557000858078 /* Frameworks */ = {
			isa = PBXGroup;
			children = (
				5EC33F8717ED557000858078 /* UIKit.framework */,
				5EC33F8917ED557000858078 /* Foundation.framework */,
				5EC33F8B17ED557000858078 /* CoreGraphics.framework */,
			);
			name = Frameworks;
			sourceTree = "<group>";
		};
		5EC33F8D17ED557000858078 /* Login */ = {
			isa = PBXGroup;
			children = (
				5E059CBE17ED6917006B0ECA /* images.jpg */,
				5EC33F9617ED557000858078 /* AppDelegate.h */,
				5EC33F9717ED557000858078 /* AppDelegate.m */,
				5EC33F9F17ED557000858078 /* ViewController.h */,
				5EC33FA017ED557000858078 /* ViewController.m */,
				5EC33FA217ED557000858078 /* ViewController.xib */,
				5EC33F8E17ED557000858078 /* Supporting Files */,
			);
			path = Login;
			sourceTree = "<group>";
		};
		5EC33F8E17ED557000858078 /* Supporting Files */ = {
			isa = PBXGroup;
			children = (
				5EC33F8F17ED557000858078 /* Login-Info.plist */,
				5EC33F9017ED557000858078 /* InfoPlist.strings */,
				5EC33F9317ED557000858078 /* main.m */,
				5EC33F9517ED557000858078 /* Login-Prefix.pch */,
				5EC33F9917ED557000858078 /* Default.png */,
				5EC33F9B17ED557000858078 /* Default@2x.png */,
				5EC33F9D17ED557000858078 /* Default-568h@2x.png */,
			);
			name = "Supporting Files";
			sourceTree = "<group>";
		};
/* End PBXGroup section */

/* Begin PBXNativeTarget section */
		5EC33F8317ED557000858078 /* Login */ = {
			isa = PBXNativeTarget;
			buildConfigurationList = 5EC33FA717ED557000858078 /* Build configuration list for PBXNativeTarget "Login" */;
			buildPhases = (
				5EC33F8017ED557000858078 /* Sources */,
				5EC33F8117ED557000858078 /* Frameworks */,
				5EC33F8217ED557000858078 /* Resources */,
			);
			buildRules = (
			);
			dependencies = (
			);
			name = Login;
			productName = Login;
			productReference = 5EC33F8417ED557000858078 /* Login.app */;
			productType = "com.apple.product-type.application";
		};
/* End PBXNativeTarget section */

/* Begin PBXProject section */
		5EC33F7C17ED556F00858078 /* Project object */ = {
			isa = PBXProject;
			attributes = {
				LastUpgradeCheck = 0460;
				ORGANIZATIONNAME = MSE;
			};
			buildConfigurationList = 5EC33F7F17ED556F00858078 /* Build configuration list for PBXProject "Login" */;
			compatibilityVersion = "Xcode 3.2";
			developmentRegion = English;
			hasScannedForEncodings = 0;
			knownRegions = (
				en,
			);
			mainGroup = 5EC33F7B17ED556F00858078;
			productRefGroup = 5EC33F8517ED557000858078 /* Products */;
			projectDirPath = "";
			projectRoot = "";
			targets = (
				5EC33F8317ED557000858078 /* Login */,
			);
		};
/* End PBXProject section */

/* Begin PBXResourcesBuildPhase section */
		5EC33F8217ED557000858078 /* Resources */ = {
			isa = PBXResourcesBuildPhase;
			buildActionMask = 2147483647;
			files = (
				5EC33F9217ED557000858078 /* InfoPlist.strings in Resources */,
				5EC33F9A17ED557000858078 /* Default.png in Resources */,
				5EC33F9C17ED557000858078 /* Default@2x.png in Resources */,
				5EC33F9E17ED557000858078 /* Default-568h@2x.png in Resources */,
				5EC33FA417ED557000858078 /* ViewController.xib in Resources */,
				5EC33FAE17ED585200858078 /* HomeScreen.xib in Resources */,
				5E059CBF17ED6917006B0ECA /* images.jpg in Resources */,
				5E059CC117ED6DB9006B0ECA /* images1.jpg in Resources */,
			);
			runOnlyForDeploymentPostprocessing = 0;
		};
/* End PBXResourcesBuildPhase section */

/* Begin PBXSourcesBuildPhase section */
		5EC33F8017ED557000858078 /* Sources */ = {
			isa = PBXSourcesBuildPhase;
			buildActionMask = 2147483647;
			files = (
				5EC33F9417ED557000858078 /* main.m in Sources */,
				5EC33F9817ED557000858078 /* AppDelegate.m in Sources */,
				5EC33FA117ED557000858078 /* ViewController.m in Sources */,
				5EC33FAD17ED585200858078 /* HomeScreen.m in Sources */,
			);
			runOnlyForDeploymentPostprocessing = 0;
		};
/* End PBXSourcesBuildPhase section */

/* Begin PBXVariantGroup section */
		5EC33F9017ED557000858078 /* InfoPlist.strings */ = {
			isa = PBXVariantGroup;
			children = (
				5EC33F9117ED557000858078 /* en */,
			);
			name = InfoPlist.strings;
			sourceTree = "<group>";
		};
		5EC33FA217ED557000858078 /* ViewController.xib */ = {
			isa = PBXVariantGroup;
			children = (
				5EC33FA317ED557000858078 /* en */,
			);
			name = ViewController.xib;
			sourceTree = "<group>";
		};
/* End PBXVariantGroup section */

/* Begin XCBuildConfiguration section */
		5EC33FA517ED557000858078 /* Debug */ = {
			isa = XCBuildConfiguration;
			buildSettings = {
				ALWAYS_SEARCH_USER_PATHS = NO;
				CLANG_CXX_LANGUAGE_STANDARD = "gnu++0x";
				CLANG_CXX_LIBRARY = "libc++";
				CLANG_ENABLE_OBJC_ARC = YES;
				CLANG_WARN_CONSTANT_CONVERSION = YES;
				CLANG_WARN_EMPTY_BODY = YES;
				CLANG_WARN_ENUM_CONVERSION = YES;
				CLANG_WARN_INT_CONVERSION = YES;
				CLANG_WARN__DUPLICATE_METHOD_MATCH = YES;
				"CODE_SIGN_IDENTITY[sdk=iphoneos*]" = "iPhone Developer";
				COPY_PHASE_STRIP = NO;
				GCC_C_LANGUAGE_STANDARD = gnu99;
				GCC_DYNAMIC_NO_PIC = NO;
				GCC_OPTIMIZATION_LEVEL = 0;
				GCC_PREPROCESSOR_DEFINITIONS = (
					"DEBUG=1",
					"$(inherited)",
				);
				GCC_SYMBOLS_PRIVATE_EXTERN = NO;
				GCC_WARN_ABOUT_RETURN_TYPE = YES;
				GCC_WARN_UNINITIALIZED_AUTOS = YES;
				GCC_WARN_UNUSED_VARIABLE = YES;
				IPHONEOS_DEPLOYMENT_TARGET = 6.1;
				ONLY_ACTIVE_ARCH = YES;
				SDKROOT = iphoneos;
			};
			name = Debug;
		};
		5EC33FA617ED557000858078 /* Release */ = {
			isa = XCBuildConfiguration;
			buildSettings = {
				ALWAYS_SEARCH_USER_PATHS = NO;
				CLANG_CXX_LANGUAGE_STANDARD = "gnu++0x";
				CLANG_CXX_LIBRARY = "libc++";
				CLANG_ENABLE_OBJC_ARC = YES;
				CLANG_WARN_CONSTANT_CONVERSION = YES;
				CLANG_WARN_EMPTY_BODY = YES;
				CLANG_WARN_ENUM_CONVERSION = YES;
				CLANG_WARN_INT_CONVERSION = YES;
				CLANG_WARN__DUPLICATE_METHOD_MATCH = YES;
				"CODE_SIGN_IDENTITY[sdk=iphoneos*]" = "iPhone Developer";
				COPY_PHASE_STRIP = YES;
				GCC_C_LANGUAGE_STANDARD = gnu99;
				GCC_WARN_ABOUT_RETURN_TYPE = YES;
				GCC_WARN_UNINITIALIZED_AUTOS = YES;
				GCC_WARN_UNUSED_VARIABLE = YES;
				IPHONEOS_DEPLOYMENT_TARGET = 6.1;
				OTHER_CFLAGS = "-DNS_BLOCK_ASSERTIONS=1";
				SDKROOT = iphoneos;
				VALIDATE_PRODUCT = YES;
			};
			name = Release;
		};
		5EC33FA817ED557000858078 /* Debug */ = {
			isa = XCBuildConfiguration;
			buildSettings = {
				GCC_PRECOMPILE_PREFIX_HEADER = YES;
				GCC_PREFIX_HEADER = "Login/Login-Prefix.pch";
				INFOPLIST_FILE = "Login/Login-Info.plist";
				PRODUCT_NAME = "$(TARGET_NAME)";
				WRAPPER_EXTENSION = app;
			};
			name = Debug;
		};
		5EC33FA917ED557000858078 /* Release */ = {
			isa = XCBuildConfiguration;
			buildSettings = {
				GCC_PRECOMPILE_PREFIX_HEADER = YES;
				GCC_PREFIX_HEADER = "Login/Login-Prefix.pch";
				INFOPLIST_FILE = "Login/Login-Info.plist";
				PRODUCT_NAME = "$(TARGET_NAME)";
				WRAPPER_EXTENSION = app;
			};
			name = Release;
		};
/* End XCBuildConfiguration section */

/* Begin XCConfigurationList section */
		5EC33F7F17ED556F00858078 /* Build configuration list for PBXProject "Login" */ = {
			isa = XCConfigurationList;
			buildConfigurations = (
				5EC33FA517ED557000858078 /* Debug */,
				5EC33FA617ED557000858078 /* Release */,
			);
			defaultConfigurationIsVisible = 0;
			defaultConfigurationName = Release;
		};
		5EC33FA717ED557000858078 /* Build configuration list for PBXNativeTarget "Login" */ = {
			isa = XCConfigurationList;
			buildConfigurations = (
				5EC33FA817ED557000858078 /* Debug */,
				5EC33FA917ED557000858078 /* Release */,
			);
			defaultConfigurationIsVisible = 0;
			defaultConfigurationName = Release;
		};
/* End XCConfigurationList section */
	};
	rootObject = 5EC33F7C17ED556F00858078 /* Project object */;
}
